
Microsoft Visual Studio Solution File, Format Version 12.00
# Visual Studio 2013
VisualStudioVersion = 12.0.31101.0
MinimumVisualStudioVersion = 10.0.40219.1
Project("{8BC9CEB8-8B4A-11D0-8D11-00A0C91BC942}") = "KaboomClient", "KaboomClient\KaboomClient.vcxproj", "{A743928E-D773-42A3-89C1-A72D1319FAFD}"
EndProject
Project("{8BC9CEB8-8B4A-11D0-8D11-00A0C91BC942}") = "KaboomServer", "KaboomServer\KaboomServer.vcxproj", "{56B7232B-1CBB-489A-B34A-EDF3151698B6}"
EndProject
Project("{8BC9CEB8-8B4A-11D0-8D11-00A0C91BC942}") = "KaboomEngine", "KaboomEngine\KaboomEngine.vcxproj", "{BC9338C4-75A3-4853-841C-0C8963E2CA58}"
EndProject
Project("{8BC9CEB8-8B4A-11D0-8D11-00A0C91BC942}") = "KaboomGraphicsEngine", "KaboomGraphicsEngine\KaboomGraphicsEngine.vcxproj", "{E24D41A4-8D90-45FF-9C55-6466187744AD}"
EndProject
Global
	GlobalSection(SolutionConfigurationPlatforms) = preSolution
		Debug|Mixed Platforms = Debug|Mixed Platforms
		Debug|Win32 = Debug|Win32
		Debug|x64 = Debug|x64
		Release|Mixed Platforms = Release|Mixed Platforms
		Release|Win32 = Release|Win32
		Release|x64 = Release|x64
		SemiDebug|Mixed Platforms = SemiDebug|Mixed Platforms
		SemiDebug|Win32 = SemiDebug|Win32
		SemiDebug|x64 = SemiDebug|x64
	EndGlobalSection
	GlobalSection(ProjectConfigurationPlatforms) = postSolution
		{A743928E-D773-42A3-89C1-A72D1319FAFD}.Debug|Mixed Platforms.ActiveCfg = Debug|x64
		{A743928E-D773-42A3-89C1-A72D1319FAFD}.Debug|Mixed Platforms.Build.0 = Debug|x64
		{A743928E-D773-42A3-89C1-A72D1319FAFD}.Debug|Win32.ActiveCfg = Release|x64
		{A743928E-D773-42A3-89C1-A72D1319FAFD}.Debug|Win32.Build.0 = Release|x64
		{A743928E-D773-42A3-89C1-A72D1319FAFD}.Debug|x64.ActiveCfg = Release|x64
		{A743928E-D773-42A3-89C1-A72D1319FAFD}.Debug|x64.Build.0 = Release|x64
		{A743928E-D773-42A3-89C1-A72D1319FAFD}.Release|Mixed Platforms.ActiveCfg = Release|Win32
		{A743928E-D773-42A3-89C1-A72D1319FAFD}.Release|Mixed Platforms.Build.0 = Release|Win32
		{A743928E-D773-42A3-89C1-A72D1319FAFD}.Release|Win32.ActiveCfg = Release|Win32
		{A743928E-D773-42A3-89C1-A72D1319FAFD}.Release|Win32.Build.0 = Release|Win32
		{A743928E-D773-42A3-89C1-A72D1319FAFD}.Release|x64.ActiveCfg = Release|x64
		{A743928E-D773-42A3-89C1-A72D1319FAFD}.Release|x64.Build.0 = Release|x64
		{A743928E-D773-42A3-89C1-A72D1319FAFD}.SemiDebug|Mixed Platforms.ActiveCfg = Debug|Win32
		{A743928E-D773-42A3-89C1-A72D1319FAFD}.SemiDebug|Mixed Platforms.Build.0 = Debug|Win32
		{A743928E-D773-42A3-89C1-A72D1319FAFD}.SemiDebug|Win32.ActiveCfg = Debug|Win32
		{A743928E-D773-42A3-89C1-A72D1319FAFD}.SemiDebug|Win32.Build.0 = Debug|Win32
		{A743928E-D773-42A3-89C1-A72D1319FAFD}.SemiDebug|x64.ActiveCfg = Debug|x64
		{A743928E-D773-42A3-89C1-A72D1319FAFD}.SemiDebug|x64.Build.0 = Debug|x64
		{56B7232B-1CBB-489A-B34A-EDF3151698B6}.Debug|Mixed Platforms.ActiveCfg = Debug|x64
		{56B7232B-1CBB-489A-B34A-EDF3151698B6}.Debug|Mixed Platforms.Build.0 = Debug|x64
		{56B7232B-1CBB-489A-B34A-EDF3151698B6}.Debug|Win32.ActiveCfg = Release|x64
		{56B7232B-1CBB-489A-B34A-EDF3151698B6}.Debug|Win32.Build.0 = Release|x64
		{56B7232B-1CBB-489A-B34A-EDF3151698B6}.Debug|x64.ActiveCfg = Release|x64
		{56B7232B-1CBB-489A-B34A-EDF3151698B6}.Debug|x64.Build.0 = Release|x64
		{56B7232B-1CBB-489A-B34A-EDF3151698B6}.Release|Mixed Platforms.ActiveCfg = Release|Win32
		{56B7232B-1CBB-489A-B34A-EDF3151698B6}.Release|Mixed Platforms.Build.0 = Release|Win32
		{56B7232B-1CBB-489A-B34A-EDF3151698B6}.Release|Win32.ActiveCfg = Release|Win32
		{56B7232B-1CBB-489A-B34A-EDF3151698B6}.Release|Win32.Build.0 = Release|Win32
		{56B7232B-1CBB-489A-B34A-EDF3151698B6}.Release|x64.ActiveCfg = Release|x64
		{56B7232B-1CBB-489A-B34A-EDF3151698B6}.Release|x64.Build.0 = Release|x64
		{56B7232B-1CBB-489A-B34A-EDF3151698B6}.SemiDebug|Mixed Platforms.ActiveCfg = Debug|Win32
		{56B7232B-1CBB-489A-B34A-EDF3151698B6}.SemiDebug|Mixed Platforms.Build.0 = Debug|Win32
		{56B7232B-1CBB-489A-B34A-EDF3151698B6}.SemiDebug|Win32.ActiveCfg = Debug|Win32
		{56B7232B-1CBB-489A-B34A-EDF3151698B6}.SemiDebug|Win32.Build.0 = Debug|Win32
		{56B7232B-1CBB-489A-B34A-EDF3151698B6}.SemiDebug|x64.ActiveCfg = Debug|x64
		{56B7232B-1CBB-489A-B34A-EDF3151698B6}.SemiDebug|x64.Build.0 = Debug|x64
		{BC9338C4-75A3-4853-841C-0C8963E2CA58}.Debug|Mixed Platforms.ActiveCfg = Debug|x64
		{BC9338C4-75A3-4853-841C-0C8963E2CA58}.Debug|Mixed Platforms.Build.0 = Debug|x64
		{BC9338C4-75A3-4853-841C-0C8963E2CA58}.Debug|Win32.ActiveCfg = Release|x64
		{BC9338C4-75A3-4853-841C-0C8963E2CA58}.Debug|Win32.Build.0 = Release|x64
		{BC9338C4-75A3-4853-841C-0C8963E2CA58}.Debug|x64.ActiveCfg = Release|x64
		{BC9338C4-75A3-4853-841C-0C8963E2CA58}.Debug|x64.Build.0 = Release|x64
		{BC9338C4-75A3-4853-841C-0C8963E2CA58}.Release|Mixed Platforms.ActiveCfg = Release|Win32
		{BC9338C4-75A3-4853-841C-0C8963E2CA58}.Release|Mixed Platforms.Build.0 = Release|Win32
		{BC9338C4-75A3-4853-841C-0C8963E2CA58}.Release|Win32.ActiveCfg = Release|Win32
		{BC9338C4-75A3-4853-841C-0C8963E2CA58}.Release|Win32.Build.0 = Release|Win32
		{BC9338C4-75A3-4853-841C-0C8963E2CA58}.Release|x64.ActiveCfg = Release|x64
		{BC9338C4-75A3-4853-841C-0C8963E2CA58}.Release|x64.Build.0 = Release|x64
		{BC9338C4-75A3-4853-841C-0C8963E2CA58}.SemiDebug|Mixed Platforms.ActiveCfg = Debug|Win32
		{BC9338C4-75A3-4853-841C-0C8963E2CA58}.SemiDebug|Mixed Platforms.Build.0 = Debug|Win32
		{BC9338C4-75A3-4853-841C-0C8963E2CA58}.SemiDebug|Win32.ActiveCfg = Debug|Win32
		{BC9338C4-75A3-4853-841C-0C8963E2CA58}.SemiDebug|Win32.Build.0 = Debug|Win32
		{BC9338C4-75A3-4853-841C-0C8963E2CA58}.SemiDebug|x64.ActiveCfg = Debug|x64
		{BC9338C4-75A3-4853-841C-0C8963E2CA58}.SemiDebug|x64.Build.0 = Debug|x64
		{E24D41A4-8D90-45FF-9C55-6466187744AD}.Debug|Mixed Platforms.ActiveCfg = Debug|x64
		{E24D41A4-8D90-45FF-9C55-6466187744AD}.Debug|Mixed Platforms.Build.0 = Debug|x64
		{E24D41A4-8D90-45FF-9C55-6466187744AD}.Debug|Win32.ActiveCfg = SemiDebug|x64
		{E24D41A4-8D90-45FF-9C55-6466187744AD}.Debug|Win32.Build.0 = SemiDebug|x64
		{E24D41A4-8D90-45FF-9C55-6466187744AD}.Debug|x64.ActiveCfg = SemiDebug|x64
		{E24D41A4-8D90-45FF-9C55-6466187744AD}.Debug|x64.Build.0 = SemiDebug|x64
		{E24D41A4-8D90-45FF-9C55-6466187744AD}.Release|Mixed Platforms.ActiveCfg = Release|x64
		{E24D41A4-8D90-45FF-9C55-6466187744AD}.Release|Mixed Platforms.Build.0 = Release|x64
		{E24D41A4-8D90-45FF-9C55-6466187744AD}.Release|Win32.ActiveCfg = Release|x64
		{E24D41A4-8D90-45FF-9C55-6466187744AD}.Release|x64.ActiveCfg = SemiDebug|x64
		{E24D41A4-8D90-45FF-9C55-6466187744AD}.Release|x64.Build.0 = SemiDebug|x64
		{E24D41A4-8D90-45FF-9C55-6466187744AD}.SemiDebug|Mixed Platforms.ActiveCfg = SemiDebug|x64
		{E24D41A4-8D90-45FF-9C55-6466187744AD}.SemiDebug|Mixed Platforms.Build.0 = SemiDebug|x64
		{E24D41A4-8D90-45FF-9C55-6466187744AD}.SemiDebug|Win32.ActiveCfg = SemiDebug|x64
		{E24D41A4-8D90-45FF-9C55-6466187744AD}.SemiDebug|x64.ActiveCfg = SemiDebug|x64
		{E24D41A4-8D90-45FF-9C55-6466187744AD}.SemiDebug|x64.Build.0 = SemiDebug|x64
	EndGlobalSection
	GlobalSection(SolutionProperties) = preSolution
		HideSolutionNode = FALSE
	EndGlobalSection
EndGlobal
