
Microsoft Visual Studio Solution File, Format Version 12.00
# Visual Studio 2013
VisualStudioVersion = 12.0.30501.0
MinimumVisualStudioVersion = 10.0.40219.1
Project("{8BC9CEB8-8B4A-11D0-8D11-00A0C91BC942}") = "KaboomClient", "KaboomClient\KaboomClient.vcxproj", "{A743928E-D773-42A3-89C1-A72D1319FAFD}"
	ProjectSection(ProjectDependencies) = postProject
		{1608D432-D1E3-4CAC-AB94-4CF307A6D9AA} = {1608D432-D1E3-4CAC-AB94-4CF307A6D9AA}
	EndProjectSection
EndProject
Project("{8BC9CEB8-8B4A-11D0-8D11-00A0C91BC942}") = "KaboomServer", "KaboomServer\KaboomServer.vcxproj", "{56B7232B-1CBB-489A-B34A-EDF3151698B6}"
	ProjectSection(ProjectDependencies) = postProject
		{1608D432-D1E3-4CAC-AB94-4CF307A6D9AA} = {1608D432-D1E3-4CAC-AB94-4CF307A6D9AA}
	EndProjectSection
EndProject
Project("{8BC9CEB8-8B4A-11D0-8D11-00A0C91BC942}") = "KaboomEngine", "KaboomEngine\KaboomEngine.vcxproj", "{BC9338C4-75A3-4853-841C-0C8963E2CA58}"
	ProjectSection(ProjectDependencies) = postProject
		{1608D432-D1E3-4CAC-AB94-4CF307A6D9AA} = {1608D432-D1E3-4CAC-AB94-4CF307A6D9AA}
	EndProjectSection
EndProject
Project("{8BC9CEB8-8B4A-11D0-8D11-00A0C91BC942}") = "KaboomGraphicsEngine", "KaboomGraphicsEngine\KaboomGraphicsEngine.vcxproj", "{E24D41A4-8D90-45FF-9C55-6466187744AD}"
EndProject
Project("{8BC9CEB8-8B4A-11D0-8D11-00A0C91BC942}") = "ConfigSetting", "ConfigSetting\ConfigSetting.vcxproj", "{1608D432-D1E3-4CAC-AB94-4CF307A6D9AA}"
EndProject
Project("{8BC9CEB8-8B4A-11D0-8D11-00A0C91BC942}") = "osgLibRocket", "osgLibRocket\osgLibRocket.vcxproj", "{A1FF5FD6-D463-4B85-899B-278229C4AA04}"
EndProject
Global
	GlobalSection(SolutionConfigurationPlatforms) = preSolution
		Debug|Mixed Platforms = Debug|Mixed Platforms
		Debug|Win32 = Debug|Win32
		Debug|x64 = Debug|x64
		Release|Mixed Platforms = Release|Mixed Platforms
		Release|Win32 = Release|Win32
		Release|x64 = Release|x64
		SemiDebug|Mixed Platforms = SemiDebug|Mixed Platforms
		SemiDebug|Win32 = SemiDebug|Win32
		SemiDebug|x64 = SemiDebug|x64
	EndGlobalSection
	GlobalSection(ProjectConfigurationPlatforms) = postSolution
		{A743928E-D773-42A3-89C1-A72D1319FAFD}.Debug|Mixed Platforms.ActiveCfg = Debug|Win32
		{A743928E-D773-42A3-89C1-A72D1319FAFD}.Debug|Mixed Platforms.Build.0 = Debug|Win32
		{A743928E-D773-42A3-89C1-A72D1319FAFD}.Debug|Win32.ActiveCfg = Debug|Win32
		{A743928E-D773-42A3-89C1-A72D1319FAFD}.Debug|Win32.Build.0 = Debug|Win32
		{A743928E-D773-42A3-89C1-A72D1319FAFD}.Debug|x64.ActiveCfg = Debug|x64
		{A743928E-D773-42A3-89C1-A72D1319FAFD}.Release|Mixed Platforms.ActiveCfg = Release|Win32
		{A743928E-D773-42A3-89C1-A72D1319FAFD}.Release|Mixed Platforms.Build.0 = Release|Win32
		{A743928E-D773-42A3-89C1-A72D1319FAFD}.Release|Win32.ActiveCfg = Release|Win32
		{A743928E-D773-42A3-89C1-A72D1319FAFD}.Release|Win32.Build.0 = Release|Win32
		{A743928E-D773-42A3-89C1-A72D1319FAFD}.Release|x64.ActiveCfg = Release|x64
		{A743928E-D773-42A3-89C1-A72D1319FAFD}.SemiDebug|Mixed Platforms.ActiveCfg = SemiDebug|Win32
		{A743928E-D773-42A3-89C1-A72D1319FAFD}.SemiDebug|Mixed Platforms.Build.0 = SemiDebug|Win32
		{A743928E-D773-42A3-89C1-A72D1319FAFD}.SemiDebug|Win32.ActiveCfg = SemiDebug|Win32
		{A743928E-D773-42A3-89C1-A72D1319FAFD}.SemiDebug|x64.ActiveCfg = SemiDebug|x64
		{A743928E-D773-42A3-89C1-A72D1319FAFD}.SemiDebug|x64.Build.0 = SemiDebug|x64
		{56B7232B-1CBB-489A-B34A-EDF3151698B6}.Debug|Mixed Platforms.ActiveCfg = Debug|Win32
		{56B7232B-1CBB-489A-B34A-EDF3151698B6}.Debug|Mixed Platforms.Build.0 = Debug|Win32
		{56B7232B-1CBB-489A-B34A-EDF3151698B6}.Debug|Win32.ActiveCfg = Debug|Win32
		{56B7232B-1CBB-489A-B34A-EDF3151698B6}.Debug|Win32.Build.0 = Debug|Win32
		{56B7232B-1CBB-489A-B34A-EDF3151698B6}.Debug|x64.ActiveCfg = Debug|x64
		{56B7232B-1CBB-489A-B34A-EDF3151698B6}.Release|Mixed Platforms.ActiveCfg = Release|Win32
		{56B7232B-1CBB-489A-B34A-EDF3151698B6}.Release|Mixed Platforms.Build.0 = Release|Win32
		{56B7232B-1CBB-489A-B34A-EDF3151698B6}.Release|Win32.ActiveCfg = Release|Win32
		{56B7232B-1CBB-489A-B34A-EDF3151698B6}.Release|Win32.Build.0 = Release|Win32
		{56B7232B-1CBB-489A-B34A-EDF3151698B6}.Release|x64.ActiveCfg = Release|x64
		{56B7232B-1CBB-489A-B34A-EDF3151698B6}.SemiDebug|Mixed Platforms.ActiveCfg = SemiDebug|Win32
		{56B7232B-1CBB-489A-B34A-EDF3151698B6}.SemiDebug|Mixed Platforms.Build.0 = SemiDebug|Win32
		{56B7232B-1CBB-489A-B34A-EDF3151698B6}.SemiDebug|Win32.ActiveCfg = SemiDebug|Win32
		{56B7232B-1CBB-489A-B34A-EDF3151698B6}.SemiDebug|x64.ActiveCfg = SemiDebug|x64
		{56B7232B-1CBB-489A-B34A-EDF3151698B6}.SemiDebug|x64.Build.0 = SemiDebug|x64
		{BC9338C4-75A3-4853-841C-0C8963E2CA58}.Debug|Mixed Platforms.ActiveCfg = Debug|Win32
		{BC9338C4-75A3-4853-841C-0C8963E2CA58}.Debug|Mixed Platforms.Build.0 = Debug|Win32
		{BC9338C4-75A3-4853-841C-0C8963E2CA58}.Debug|Win32.ActiveCfg = Debug|Win32
		{BC9338C4-75A3-4853-841C-0C8963E2CA58}.Debug|Win32.Build.0 = Debug|Win32
		{BC9338C4-75A3-4853-841C-0C8963E2CA58}.Debug|x64.ActiveCfg = Debug|x64
		{BC9338C4-75A3-4853-841C-0C8963E2CA58}.Release|Mixed Platforms.ActiveCfg = Release|Win32
		{BC9338C4-75A3-4853-841C-0C8963E2CA58}.Release|Mixed Platforms.Build.0 = Release|Win32
		{BC9338C4-75A3-4853-841C-0C8963E2CA58}.Release|Win32.ActiveCfg = Release|Win32
		{BC9338C4-75A3-4853-841C-0C8963E2CA58}.Release|Win32.Build.0 = Release|Win32
		{BC9338C4-75A3-4853-841C-0C8963E2CA58}.Release|x64.ActiveCfg = Release|x64
		{BC9338C4-75A3-4853-841C-0C8963E2CA58}.SemiDebug|Mixed Platforms.ActiveCfg = SemiDebug|Win32
		{BC9338C4-75A3-4853-841C-0C8963E2CA58}.SemiDebug|Mixed Platforms.Build.0 = SemiDebug|Win32
		{BC9338C4-75A3-4853-841C-0C8963E2CA58}.SemiDebug|Win32.ActiveCfg = SemiDebug|Win32
		{BC9338C4-75A3-4853-841C-0C8963E2CA58}.SemiDebug|x64.ActiveCfg = SemiDebug|x64
		{BC9338C4-75A3-4853-841C-0C8963E2CA58}.SemiDebug|x64.Build.0 = SemiDebug|x64
		{E24D41A4-8D90-45FF-9C55-6466187744AD}.Debug|Mixed Platforms.ActiveCfg = Debug|Win32
		{E24D41A4-8D90-45FF-9C55-6466187744AD}.Debug|Mixed Platforms.Build.0 = Debug|Win32
		{E24D41A4-8D90-45FF-9C55-6466187744AD}.Debug|Win32.ActiveCfg = Debug|Win32
		{E24D41A4-8D90-45FF-9C55-6466187744AD}.Debug|Win32.Build.0 = Debug|Win32
		{E24D41A4-8D90-45FF-9C55-6466187744AD}.Debug|x64.ActiveCfg = Debug|x64
		{E24D41A4-8D90-45FF-9C55-6466187744AD}.Release|Mixed Platforms.ActiveCfg = Release|Win32
		{E24D41A4-8D90-45FF-9C55-6466187744AD}.Release|Mixed Platforms.Build.0 = Release|Win32
		{E24D41A4-8D90-45FF-9C55-6466187744AD}.Release|Win32.ActiveCfg = Release|Win32
		{E24D41A4-8D90-45FF-9C55-6466187744AD}.Release|Win32.Build.0 = Release|Win32
		{E24D41A4-8D90-45FF-9C55-6466187744AD}.Release|x64.ActiveCfg = Release|x64
		{E24D41A4-8D90-45FF-9C55-6466187744AD}.SemiDebug|Mixed Platforms.ActiveCfg = SemiDebug|Win32
		{E24D41A4-8D90-45FF-9C55-6466187744AD}.SemiDebug|Mixed Platforms.Build.0 = SemiDebug|Win32
		{E24D41A4-8D90-45FF-9C55-6466187744AD}.SemiDebug|Win32.ActiveCfg = SemiDebug|Win32
		{E24D41A4-8D90-45FF-9C55-6466187744AD}.SemiDebug|x64.ActiveCfg = SemiDebug|x64
		{E24D41A4-8D90-45FF-9C55-6466187744AD}.SemiDebug|x64.Build.0 = SemiDebug|x64
		{1608D432-D1E3-4CAC-AB94-4CF307A6D9AA}.Debug|Mixed Platforms.ActiveCfg = Debug|Win32
		{1608D432-D1E3-4CAC-AB94-4CF307A6D9AA}.Debug|Mixed Platforms.Build.0 = Debug|Win32
		{1608D432-D1E3-4CAC-AB94-4CF307A6D9AA}.Debug|Win32.ActiveCfg = Debug|Win32
		{1608D432-D1E3-4CAC-AB94-4CF307A6D9AA}.Debug|Win32.Build.0 = Debug|Win32
		{1608D432-D1E3-4CAC-AB94-4CF307A6D9AA}.Debug|x64.ActiveCfg = Debug|x64
		{1608D432-D1E3-4CAC-AB94-4CF307A6D9AA}.Release|Mixed Platforms.ActiveCfg = Release|Win32
		{1608D432-D1E3-4CAC-AB94-4CF307A6D9AA}.Release|Mixed Platforms.Build.0 = Release|Win32
		{1608D432-D1E3-4CAC-AB94-4CF307A6D9AA}.Release|Win32.ActiveCfg = Release|Win32
		{1608D432-D1E3-4CAC-AB94-4CF307A6D9AA}.Release|Win32.Build.0 = Release|Win32
		{1608D432-D1E3-4CAC-AB94-4CF307A6D9AA}.Release|x64.ActiveCfg = Release|x64
		{1608D432-D1E3-4CAC-AB94-4CF307A6D9AA}.SemiDebug|Mixed Platforms.ActiveCfg = SemiDebug|Win32
		{1608D432-D1E3-4CAC-AB94-4CF307A6D9AA}.SemiDebug|Mixed Platforms.Build.0 = SemiDebug|Win32
		{1608D432-D1E3-4CAC-AB94-4CF307A6D9AA}.SemiDebug|Win32.ActiveCfg = SemiDebug|Win32
		{1608D432-D1E3-4CAC-AB94-4CF307A6D9AA}.SemiDebug|x64.ActiveCfg = SemiDebug|x64
		{1608D432-D1E3-4CAC-AB94-4CF307A6D9AA}.SemiDebug|x64.Build.0 = SemiDebug|x64
		{A1FF5FD6-D463-4B85-899B-278229C4AA04}.Debug|Mixed Platforms.ActiveCfg = Debug|Win32
		{A1FF5FD6-D463-4B85-899B-278229C4AA04}.Debug|Mixed Platforms.Build.0 = Debug|Win32
		{A1FF5FD6-D463-4B85-899B-278229C4AA04}.Debug|Win32.ActiveCfg = Debug|Win32
		{A1FF5FD6-D463-4B85-899B-278229C4AA04}.Debug|Win32.Build.0 = Debug|Win32
		{A1FF5FD6-D463-4B85-899B-278229C4AA04}.Debug|x64.ActiveCfg = Debug|Win32
		{A1FF5FD6-D463-4B85-899B-278229C4AA04}.Release|Mixed Platforms.ActiveCfg = Release|Win32
		{A1FF5FD6-D463-4B85-899B-278229C4AA04}.Release|Mixed Platforms.Build.0 = Release|Win32
		{A1FF5FD6-D463-4B85-899B-278229C4AA04}.Release|Win32.ActiveCfg = Release|Win32
		{A1FF5FD6-D463-4B85-899B-278229C4AA04}.Release|Win32.Build.0 = Release|Win32
		{A1FF5FD6-D463-4B85-899B-278229C4AA04}.Release|x64.ActiveCfg = Release|Win32
		{A1FF5FD6-D463-4B85-899B-278229C4AA04}.SemiDebug|Mixed Platforms.ActiveCfg = Debug|Win32
		{A1FF5FD6-D463-4B85-899B-278229C4AA04}.SemiDebug|Mixed Platforms.Build.0 = Debug|Win32
		{A1FF5FD6-D463-4B85-899B-278229C4AA04}.SemiDebug|Win32.ActiveCfg = Debug|Win32
		{A1FF5FD6-D463-4B85-899B-278229C4AA04}.SemiDebug|Win32.Build.0 = Debug|Win32
		{A1FF5FD6-D463-4B85-899B-278229C4AA04}.SemiDebug|x64.ActiveCfg = SemiDebug|x64
		{A1FF5FD6-D463-4B85-899B-278229C4AA04}.SemiDebug|x64.Build.0 = SemiDebug|x64
	EndGlobalSection
	GlobalSection(SolutionProperties) = preSolution
		HideSolutionNode = FALSE
	EndGlobalSection
EndGlobal
