<?xml version="1.0" encoding="utf-8"?>
<Project ToolsVersion="4.0" xmlns="http://schemas.microsoft.com/developer/msbuild/2003">
  <ItemGroup>
    <Filter Include="Source Files">
      <UniqueIdentifier>{4FC737F1-C7A5-4376-A066-2A32D752A2FF}</UniqueIdentifier>
      <Extensions>cpp;c;cc;cxx;def;odl;idl;hpj;bat;asm;asmx</Extensions>
    </Filter>
    <Filter Include="Header Files">
      <UniqueIdentifier>{93995380-89BD-4b04-88EB-625FBE52EBFB}</UniqueIdentifier>
      <Extensions>h;hh;hpp;hxx;hm;inl;inc;xsd</Extensions>
    </Filter>
    <Filter Include="Resource Files">
      <UniqueIdentifier>{67DA6AB6-F800-4c08-8B7A-83BB121AAD01}</UniqueIdentifier>
      <Extensions>rc;ico;cur;bmp;dlg;rc2;rct;bin;rgs;gif;jpg;jpeg;jpe;resx;tiff;tif;png;wav;mfcribbon-ms</Extensions>
    </Filter>
    <Filter Include="Header Files\Entity Component System">
      <UniqueIdentifier>{a98fbab6-b743-437f-ae5c-f479204d8848}</UniqueIdentifier>
    </Filter>
    <Filter Include="Source Files\Entity Component System">
      <UniqueIdentifier>{2c8f1de1-d21e-49ab-b8d9-8fb3b1403c8e}</UniqueIdentifier>
    </Filter>
    <Filter Include="Header Files\Network">
      <UniqueIdentifier>{bdfe1f50-92f8-426e-825d-92a671aa02a3}</UniqueIdentifier>
    </Filter>
    <Filter Include="Source Files\Network">
      <UniqueIdentifier>{9e914da2-4be1-4ac6-a499-bcf8a9566d92}</UniqueIdentifier>
    </Filter>
    <Filter Include="Source Files\Network\Events">
      <UniqueIdentifier>{bf993038-5284-4890-b143-0b9d4e11c307}</UniqueIdentifier>
    </Filter>
    <Filter Include="Header Files\Network\Events">
      <UniqueIdentifier>{4b97dc79-1fa6-495f-9552-820f7008f19e}</UniqueIdentifier>
    </Filter>
    <Filter Include="Header Files\Entity Component System\Components">
      <UniqueIdentifier>{551451fc-a9fb-4c26-9b1e-294e27143b4c}</UniqueIdentifier>
    </Filter>
    <Filter Include="Source Files\Entity Component System\Components">
      <UniqueIdentifier>{9e933be9-d712-41e0-92fc-60720b99dc61}</UniqueIdentifier>
    </Filter>
  </ItemGroup>
  <ItemGroup>
    <ClInclude Include="src\core\Component.h">
      <Filter>Header Files\Entity Component System</Filter>
    </ClInclude>
    <ClInclude Include="src\core\Entity.h">
      <Filter>Header Files\Entity Component System</Filter>
    </ClInclude>
    <ClInclude Include="src\core\EntityManager.h">
      <Filter>Header Files\Entity Component System</Filter>
    </ClInclude>
    <ClInclude Include="src\network\Event.h">
      <Filter>Header Files\Network</Filter>
    </ClInclude>
    <ClInclude Include="src\network\EventHandler.h">
      <Filter>Header Files\Network</Filter>
    </ClInclude>
    <ClInclude Include="src\network\EventHandlerLookup.h">
      <Filter>Header Files\Network</Filter>
    </ClInclude>
    <ClInclude Include="src\network\NetworkData.h">
      <Filter>Header Files\Network</Filter>
    </ClInclude>
    <ClInclude Include="src\network\EmptyEvent.h">
      <Filter>Header Files\Network\Events</Filter>
    </ClInclude>
    <ClInclude Include="src\network\PlayerInputEvent.h">
      <Filter>Header Files\Network\Events</Filter>
    </ClInclude>
    <ClInclude Include="src\network\PositionEvent.h">
      <Filter>Header Files\Network\Events</Filter>
    </ClInclude>
    <ClInclude Include="src\network\RotationEvent.h">
      <Filter>Header Files\Network\Events</Filter>
    </ClInclude>
    <ClInclude Include="stdafx.h" />
    <ClInclude Include="src\core\EntityType.h">
      <Filter>Header Files\Entity Component System</Filter>
    </ClInclude>
    <ClInclude Include="src\network\EventOpcode.h">
      <Filter>Header Files\Network</Filter>
    </ClInclude>
    <ClInclude Include="src\network\SpawnEvent.h">
      <Filter>Header Files\Network\Events</Filter>
    </ClInclude>
    <ClInclude Include="src\core\BombContainerComponent.h">
      <Filter>Header Files\Entity Component System\Components</Filter>
    </ClInclude>
    <ClInclude Include="src\core\CharacteristicComponent.h">
      <Filter>Header Files\Entity Component System\Components</Filter>
    </ClInclude>
    <ClInclude Include="src\core\PositionComponent.h">
      <Filter>Header Files\Entity Component System\Components</Filter>
    </ClInclude>
    <ClInclude Include="src\core\RotationComponent.h">
      <Filter>Header Files\Entity Component System\Components</Filter>
    </ClInclude>
    <ClInclude Include="src\network\AssignEvent.h">
      <Filter>Header Files\Network\Events</Filter>
    </ClInclude>
    <ClInclude Include="src\network\DisconnectEvent.h">
      <Filter>Header Files\Network\Events</Filter>
    </ClInclude>
    <ClInclude Include="CountDown.h">
      <Filter>Header Files</Filter>
    </ClInclude>
  </ItemGroup>
  <ItemGroup>
    <ClCompile Include="src\core\Component.cpp">
      <Filter>Source Files\Entity Component System</Filter>
    </ClCompile>
    <ClCompile Include="src\core\Entity.cpp">
      <Filter>Source Files\Entity Component System</Filter>
    </ClCompile>
    <ClCompile Include="src\core\EntityManager.cpp">
      <Filter>Source Files\Entity Component System</Filter>
    </ClCompile>
    <ClCompile Include="src\network\EventHandlerLookup.cpp">
      <Filter>Source Files\Network</Filter>
    </ClCompile>
    <ClCompile Include="src\network\Event.cpp">
      <Filter>Source Files\Network</Filter>
    </ClCompile>
    <ClCompile Include="src\network\EmptyEvent.cpp">
      <Filter>Source Files\Network\Events</Filter>
    </ClCompile>
    <ClCompile Include="src\network\PlayerInputEvent.cpp">
      <Filter>Source Files\Network\Events</Filter>
    </ClCompile>
    <ClCompile Include="src\network\PositionEvent.cpp">
      <Filter>Source Files\Network\Events</Filter>
    </ClCompile>
    <ClCompile Include="src\network\RotationEvent.cpp">
      <Filter>Source Files\Network\Events</Filter>
    </ClCompile>
    <ClCompile Include="stdafx.cpp" />
    <ClCompile Include="src\network\SpawnEvent.cpp">
      <Filter>Source Files\Network\Events</Filter>
    </ClCompile>
    <ClCompile Include="src\core\BombContainerComponent.cpp">
      <Filter>Source Files\Entity Component System\Components</Filter>
    </ClCompile>
    <ClCompile Include="src\core\CharacteristicComponent.cpp">
      <Filter>Source Files\Entity Component System\Components</Filter>
    </ClCompile>
    <ClCompile Include="src\core\PositionComponent.cpp">
      <Filter>Source Files\Entity Component System\Components</Filter>
    </ClCompile>
    <ClCompile Include="src\core\RotationComponent.cpp">
      <Filter>Source Files\Entity Component System\Components</Filter>
    </ClCompile>
    <ClCompile Include="src\network\AssignEvent.cpp">
      <Filter>Source Files\Network\Events</Filter>
    </ClCompile>
    <ClCompile Include="src\network\DisconnectEvent.cpp">
      <Filter>Source Files\Network\Events</Filter>
    </ClCompile>
    <ClCompile Include="CountDown.cpp">
      <Filter>Source Files</Filter>
    </ClCompile>
  </ItemGroup>
</Project>