<?xml version="1.0" encoding="utf-8"?>
<Project ToolsVersion="4.0" xmlns="http://schemas.microsoft.com/developer/msbuild/2003">
  <ItemGroup>
    <Filter Include="Source Files">
      <UniqueIdentifier>{4FC737F1-C7A5-4376-A066-2A32D752A2FF}</UniqueIdentifier>
      <Extensions>cpp;c;cc;cxx;def;odl;idl;hpj;bat;asm;asmx</Extensions>
    </Filter>
    <Filter Include="Header Files">
      <UniqueIdentifier>{93995380-89BD-4b04-88EB-625FBE52EBFB}</UniqueIdentifier>
      <Extensions>h;hh;hpp;hxx;hm;inl;inc;xsd</Extensions>
    </Filter>
    <Filter Include="Resource Files">
      <UniqueIdentifier>{67DA6AB6-F800-4c08-8B7A-83BB121AAD01}</UniqueIdentifier>
      <Extensions>rc;ico;cur;bmp;dlg;rc2;rct;bin;rgs;gif;jpg;jpeg;jpe;resx;tiff;tif;png;wav;mfcribbon-ms</Extensions>
    </Filter>
    <Filter Include="Header Files\Network">
      <UniqueIdentifier>{42abbc11-b839-42af-8752-a75f68aeacd7}</UniqueIdentifier>
    </Filter>
    <Filter Include="Source Files\Network">
      <UniqueIdentifier>{c5019e3b-b4e1-41e4-a131-dc180bea0ab0}</UniqueIdentifier>
    </Filter>
    <Filter Include="Header Files\Entity Component System">
      <UniqueIdentifier>{6757a7dd-4b7b-4603-8657-c637ee8bb7a5}</UniqueIdentifier>
    </Filter>
    <Filter Include="Source Files\Entity Component System">
      <UniqueIdentifier>{41b4b77d-48fd-4343-ac3f-f683d1b5d37f}</UniqueIdentifier>
    </Filter>
    <Filter Include="Header Files\Core">
      <UniqueIdentifier>{c7c6259e-7b11-4c3b-a560-336396dbec79}</UniqueIdentifier>
    </Filter>
    <Filter Include="Source Files\Core">
      <UniqueIdentifier>{33533d49-8f29-4bcf-b43f-02e3f3182554}</UniqueIdentifier>
    </Filter>
    <Filter Include="Header Files\Network\Event Handlers">
      <UniqueIdentifier>{6ef4bf98-dff4-4066-8ad1-0d6322443c4f}</UniqueIdentifier>
    </Filter>
    <Filter Include="Source Files\Network\Event Handlers">
      <UniqueIdentifier>{ffdfb9c0-917b-4b73-abe7-00699f14f478}</UniqueIdentifier>
    </Filter>
    <Filter Include="Source Files\Entity Component System\Systems">
      <UniqueIdentifier>{7b03626b-4581-4cfe-ba7f-99df1fbd57e2}</UniqueIdentifier>
    </Filter>
    <Filter Include="Header Files\Entity Component System\Components">
      <UniqueIdentifier>{2d1758e6-c48b-423d-b63f-cc19be986d41}</UniqueIdentifier>
    </Filter>
    <Filter Include="Header Files\Entity Component System\Systems">
      <UniqueIdentifier>{a04e5e1e-5fa3-46e3-b1a9-ecd3e2061942}</UniqueIdentifier>
    </Filter>
    <Filter Include="Source Files\Math">
      <UniqueIdentifier>{43eb6571-07ed-4ef5-8d91-cd28d9669b54}</UniqueIdentifier>
    </Filter>
    <Filter Include="Header Files\Math">
      <UniqueIdentifier>{2884c07e-166f-4543-9b7e-bd5410c849ea}</UniqueIdentifier>
    </Filter>
    <Filter Include="Header Files\Configurations">
      <UniqueIdentifier>{c5584dda-5809-4ac2-b574-b5e34a5ff0a1}</UniqueIdentifier>
    </Filter>
    <Filter Include="Source Files\Configurations">
      <UniqueIdentifier>{600e909e-2863-43b4-88bd-1c9a1e0b594d}</UniqueIdentifier>
    </Filter>
    <Filter Include="Source Files\Messaging">
      <UniqueIdentifier>{7237c58b-ef8d-40fa-9fe3-2ca2490b55ac}</UniqueIdentifier>
    </Filter>
    <Filter Include="Header Files\Messaging">
      <UniqueIdentifier>{5a4dcb15-944d-48c5-bdc9-8d70abb54106}</UniqueIdentifier>
    </Filter>
    <Filter Include="Header Files\Messaging\Messages">
      <UniqueIdentifier>{8659be0e-297b-4370-a58d-d7996663a8ba}</UniqueIdentifier>
    </Filter>
    <Filter Include="Source Files\Messaging\Handlers">
      <UniqueIdentifier>{2653e8bc-e4d0-48ab-a132-fc9cf82ed633}</UniqueIdentifier>
    </Filter>
    <Filter Include="Header Files\Messaging\Handlers">
      <UniqueIdentifier>{b7c43108-cad9-412e-a545-5f21e254292a}</UniqueIdentifier>
    </Filter>
    <Filter Include="Source Files\Debug">
      <UniqueIdentifier>{79409668-b2a3-480c-b574-73dd171dff31}</UniqueIdentifier>
    </Filter>
    <Filter Include="Header Files\Debug">
      <UniqueIdentifier>{4197f8e7-55cd-4b99-8aa0-7ffcb6f64000}</UniqueIdentifier>
    </Filter>
  </ItemGroup>
  <ItemGroup>
    <ClCompile Include="src\main.cpp">
      <Filter>Source Files</Filter>
    </ClCompile>
    <ClCompile Include="src\core\Game.cpp">
      <Filter>Source Files</Filter>
    </ClCompile>
    <ClCompile Include="src\network\NetworkServices.cpp">
      <Filter>Source Files\Network</Filter>
    </ClCompile>
    <ClCompile Include="src\network\ServerNetwork.cpp">
      <Filter>Source Files\Network</Filter>
    </ClCompile>
    <ClCompile Include="src\network\GameServer.cpp">
      <Filter>Source Files\Network</Filter>
    </ClCompile>
    <ClCompile Include="src\network\PlayerInputEventHandler.cpp">
      <Filter>Source Files\Network\Event Handlers</Filter>
    </ClCompile>
    <ClCompile Include="src\network\ServerEventHandlerLookup.cpp">
      <Filter>Source Files\Network</Filter>
    </ClCompile>
    <ClCompile Include="stdafx.cpp" />
    <ClCompile Include="src\core\BombFactory.cpp">
      <Filter>Source Files\Core</Filter>
    </ClCompile>
    <ClCompile Include="src\core\World.cpp">
      <Filter>Source Files\Core</Filter>
    </ClCompile>
    <ClCompile Include="src\network\DisconnectEventHandler.cpp">
      <Filter>Source Files\Network\Event Handlers</Filter>
    </ClCompile>
    <ClCompile Include="src\core\PickupFactory.cpp">
      <Filter>Source Files\Core</Filter>
    </ClCompile>
    <ClCompile Include="src\core\CharacterFactory.cpp">
      <Filter>Source Files\Core</Filter>
    </ClCompile>
    <ClCompile Include="src\systems\CollisionSystem.cpp">
      <Filter>Source Files\Entity Component System\Systems</Filter>
    </ClCompile>
    <ClCompile Include="src\systems\ExplosionSystem.cpp">
      <Filter>Source Files\Entity Component System\Systems</Filter>
    </ClCompile>
    <ClCompile Include="src\systems\FiringSystem.cpp">
      <Filter>Source Files\Entity Component System\Systems</Filter>
    </ClCompile>
    <ClCompile Include="src\systems\InitializationSystem.cpp">
      <Filter>Source Files\Entity Component System\Systems</Filter>
    </ClCompile>
    <ClCompile Include="src\systems\InputSystem.cpp">
      <Filter>Source Files\Entity Component System\Systems</Filter>
    </ClCompile>
    <ClCompile Include="src\systems\PickupSystem.cpp">
      <Filter>Source Files\Entity Component System\Systems</Filter>
    </ClCompile>
    <ClCompile Include="src\systems\TimerSystem.cpp">
      <Filter>Source Files\Entity Component System\Systems</Filter>
    </ClCompile>
    <ClCompile Include="src\systems\SystemManager.cpp">
      <Filter>Source Files\Entity Component System</Filter>
    </ClCompile>
    <ClCompile Include="src\systems\PhysicsSystem.cpp">
      <Filter>Source Files\Entity Component System\Systems</Filter>
    </ClCompile>
    <ClCompile Include="src\core\BombConfigLoader.cpp">
      <Filter>Source Files\Configurations</Filter>
    </ClCompile>
    <ClCompile Include="src\core\EntityConfigLookup.cpp">
      <Filter>Source Files\Configurations</Filter>
    </ClCompile>
    <ClCompile Include="src\core\CharacterConfigLoader.cpp">
      <Filter>Source Files\Configurations</Filter>
    </ClCompile>
    <ClCompile Include="src\math\util.cpp">
      <Filter>Source Files\Math</Filter>
    </ClCompile>
    <ClCompile Include="src\messaging\KaboomV2MessageHandler.cpp">
      <Filter>Source Files\Messaging\Handlers</Filter>
    </ClCompile>
    <ClCompile Include="src\messaging\DefaultExplosionMessageHandler.cpp">
      <Filter>Source Files\Messaging\Handlers</Filter>
    </ClCompile>
    <ClCompile Include="src\messaging\MessageHandlerChain.cpp">
      <Filter>Source Files\Messaging</Filter>
    </ClCompile>
    <ClCompile Include="src\messaging\TimeBombMessageHandler.cpp">
      <Filter>Source Files\Messaging\Handlers</Filter>
    </ClCompile>
    <ClCompile Include="src\messaging\DefaultCharacterMessageHandler.cpp">
      <Filter>Source Files\Messaging\Handlers</Filter>
    </ClCompile>
    <ClCompile Include="src\messaging\BombPickupMessageHandler.cpp">
      <Filter>Source Files\Messaging\Handlers</Filter>
    </ClCompile>
    <ClCompile Include="src\network\EquipEventHandler.cpp">
      <Filter>Source Files\Network\Event Handlers</Filter>
    </ClCompile>
    <ClCompile Include="src\messaging\RemoteDetonatorMessageHandler.cpp">
      <Filter>Source Files\Messaging\Handlers</Filter>
    </ClCompile>
    <ClCompile Include="src\systems\VoidSystem.cpp">
      <Filter>Source Files\Entity Component System\Systems</Filter>
    </ClCompile>
    <ClCompile Include="src\systems\SpawnSystem.cpp">
      <Filter>Source Files\Entity Component System\Systems</Filter>
    </ClCompile>
    <ClCompile Include="src\core\MapConfigLoader.cpp">
      <Filter>Source Files\Configurations</Filter>
    </ClCompile>
    <ClCompile Include="src\debug\OsgBulletDebugViewer.cpp">
      <Filter>Source Files\Debug</Filter>
    </ClCompile>
    <ClCompile Include="src\debug\OsgObjectConfigLoader.cpp">
      <Filter>Source Files\Debug</Filter>
    </ClCompile>
  </ItemGroup>
  <ItemGroup>
    <ClInclude Include="src\network\NetworkServices.h">
      <Filter>Header Files\Network</Filter>
    </ClInclude>
    <ClInclude Include="src\network\ServerNetwork.h">
      <Filter>Header Files\Network</Filter>
    </ClInclude>
    <ClInclude Include="src\core\Game.h">
      <Filter>Header Files</Filter>
    </ClInclude>
    <ClInclude Include="src\network\GameServer.h">
      <Filter>Header Files\Network</Filter>
    </ClInclude>
    <ClInclude Include="src\network\PlayerInputEventHandler.h">
      <Filter>Header Files\Network\Event Handlers</Filter>
    </ClInclude>
    <ClInclude Include="src\network\ServerEventHandlerLookup.h">
      <Filter>Header Files\Network</Filter>
    </ClInclude>
    <ClInclude Include="stdafx.h" />
    <ClInclude Include="src\core\BombFactory.h">
      <Filter>Header Files\Core</Filter>
    </ClInclude>
    <ClInclude Include="src\core\World.h">
      <Filter>Header Files\Core</Filter>
    </ClInclude>
    <ClInclude Include="src\network\DisconnectEventHandler.h">
      <Filter>Header Files\Network\Event Handlers</Filter>
    </ClInclude>
    <ClInclude Include="src\core\PickupFactory.h">
      <Filter>Header Files\Core</Filter>
    </ClInclude>
    <ClInclude Include="src\core\CharacterFactory.h">
      <Filter>Header Files\Core</Filter>
    </ClInclude>
    <ClInclude Include="src\components\CollisionComponent.h">
      <Filter>Header Files\Entity Component System\Components</Filter>
    </ClInclude>
    <ClInclude Include="src\components\ExplosionComponent.h">
      <Filter>Header Files\Entity Component System\Components</Filter>
    </ClInclude>
    <ClInclude Include="src\components\InputComponent.h">
      <Filter>Header Files\Entity Component System\Components</Filter>
    </ClInclude>
    <ClInclude Include="src\components\JetpackComponent.h">
      <Filter>Header Files\Entity Component System\Components</Filter>
    </ClInclude>
    <ClInclude Include="src\components\PhysicsComponent.h">
      <Filter>Header Files\Entity Component System\Components</Filter>
    </ClInclude>
    <ClInclude Include="src\components\TriggerComponent.h">
      <Filter>Header Files\Entity Component System\Components</Filter>
    </ClInclude>
    <ClInclude Include="src\systems\CollisionSystem.h">
      <Filter>Header Files\Entity Component System\Systems</Filter>
    </ClInclude>
    <ClInclude Include="src\systems\ExplosionSystem.h">
      <Filter>Header Files\Entity Component System\Systems</Filter>
    </ClInclude>
    <ClInclude Include="src\systems\FiringSystem.h">
      <Filter>Header Files\Entity Component System\Systems</Filter>
    </ClInclude>
    <ClInclude Include="src\systems\InitializationSystem.h">
      <Filter>Header Files\Entity Component System\Systems</Filter>
    </ClInclude>
    <ClInclude Include="src\systems\InputSystem.h">
      <Filter>Header Files\Entity Component System\Systems</Filter>
    </ClInclude>
    <ClInclude Include="src\systems\PickupSystem.h">
      <Filter>Header Files\Entity Component System\Systems</Filter>
    </ClInclude>
    <ClInclude Include="src\systems\TimerSystem.h">
      <Filter>Header Files\Entity Component System\Systems</Filter>
    </ClInclude>
    <ClInclude Include="src\components\TimerComponent.h">
      <Filter>Header Files\Entity Component System\Components</Filter>
    </ClInclude>
    <ClInclude Include="src\systems\SystemManager.h">
      <Filter>Header Files\Entity Component System</Filter>
    </ClInclude>
    <ClInclude Include="src\systems\PhysicsSystem.h">
      <Filter>Header Files\Entity Component System\Systems</Filter>
    </ClInclude>
    <ClInclude Include="src\core\common.h">
      <Filter>Header Files\Core</Filter>
    </ClInclude>
    <ClInclude Include="src\core\BombConfigLoader.h">
      <Filter>Header Files\Configurations</Filter>
    </ClInclude>
    <ClInclude Include="src\core\EntityConfigLookup.h">
      <Filter>Header Files\Configurations</Filter>
    </ClInclude>
    <ClInclude Include="src\core\CharacterConfigLoader.h">
      <Filter>Header Files\Configurations</Filter>
    </ClInclude>
    <ClInclude Include="src\math\util.h">
      <Filter>Header Files\Math</Filter>
    </ClInclude>
    <ClInclude Include="src\components\DetonatorComponent.h">
      <Filter>Header Files\Entity Component System\Components</Filter>
    </ClInclude>
    <ClInclude Include="src\messaging\ExplosionMessage.h">
      <Filter>Header Files\Messaging\Messages</Filter>
    </ClInclude>
    <ClInclude Include="src\messaging\KaboomV2MessageHandler.h">
      <Filter>Header Files\Messaging\Handlers</Filter>
    </ClInclude>
    <ClInclude Include="src\messaging\DefaultExplosionMessageHandler.h">
      <Filter>Header Files\Messaging\Handlers</Filter>
    </ClInclude>
    <ClInclude Include="src\messaging\MessageHandler.h">
      <Filter>Header Files\Messaging</Filter>
    </ClInclude>
    <ClInclude Include="src\messaging\Message.h">
      <Filter>Header Files\Messaging</Filter>
    </ClInclude>
    <ClInclude Include="src\messaging\MessageType.h">
      <Filter>Header Files\Messaging</Filter>
    </ClInclude>
    <ClInclude Include="src\messaging\MessageHandlerChain.h">
      <Filter>Header Files\Messaging</Filter>
    </ClInclude>
    <ClInclude Include="src\components\MessageHandlerComponent.h">
      <Filter>Header Files\Entity Component System\Components</Filter>
    </ClInclude>
    <ClInclude Include="src\messaging\TimerExpiredMessage.h">
      <Filter>Header Files\Messaging\Messages</Filter>
    </ClInclude>
    <ClInclude Include="src\messaging\CollisionMessage.h">
      <Filter>Header Files\Messaging\Messages</Filter>
    </ClInclude>
    <ClInclude Include="src\messaging\TimeBombMessageHandler.h">
      <Filter>Header Files\Messaging\Handlers</Filter>
    </ClInclude>
    <ClInclude Include="src\components\JumpComponent.h">
      <Filter>Header Files\Entity Component System\Components</Filter>
    </ClInclude>
    <ClInclude Include="src\messaging\Attack1Message.h">
      <Filter>Header Files\Messaging\Messages</Filter>
    </ClInclude>
    <ClInclude Include="src\messaging\Attack2Message.h">
      <Filter>Header Files\Messaging\Messages</Filter>
    </ClInclude>
    <ClInclude Include="src\messaging\NoAttackMessage.h">
      <Filter>Header Files\Messaging\Messages</Filter>
    </ClInclude>
    <ClInclude Include="src\messaging\DefaultCharacterMessageHandler.h">
      <Filter>Header Files\Messaging\Handlers</Filter>
    </ClInclude>
    <ClInclude Include="src\messaging\PickupMessage.h">
      <Filter>Header Files\Messaging\Messages</Filter>
    </ClInclude>
    <ClInclude Include="src\messaging\BombPickupMessageHandler.h">
      <Filter>Header Files\Messaging\Handlers</Filter>
    </ClInclude>
    <ClInclude Include="src\network\EquipEventHandler.h">
      <Filter>Header Files\Network\Event Handlers</Filter>
    </ClInclude>
    <ClInclude Include="src\messaging\RemoteDetonatorMessageHandler.h">
      <Filter>Header Files\Messaging\Handlers</Filter>
    </ClInclude>
    <ClInclude Include="src\components\OwnerComponent.h">
      <Filter>Header Files\Entity Component System\Components</Filter>
    </ClInclude>
    <ClInclude Include="src\systems\VoidSystem.h">
      <Filter>Header Files\Entity Component System\Systems</Filter>
    </ClInclude>
    <ClInclude Include="src\components\CharacterRotationComponent.h">
      <Filter>Header Files\Entity Component System\Components</Filter>
    </ClInclude>
    <ClInclude Include="src\components\SpawnComponent.h">
      <Filter>Header Files\Entity Component System\Components</Filter>
    </ClInclude>
    <ClInclude Include="src\core\MapConfigLoader.h">
      <Filter>Header Files\Configurations</Filter>
    </ClInclude>
    <ClInclude Include="src\debug\OsgBulletDebugViewer.h">
      <Filter>Header Files\Debug</Filter>
    </ClInclude>
    <ClInclude Include="src\debug\OsgObjectConfigLoader.h">
      <Filter>Header Files\Debug</Filter>
    </ClInclude>
  </ItemGroup>
  <ItemGroup>
    <Xml Include="data-server\bombs.xml">
      <Filter>Resource Files</Filter>
    </Xml>
    <Xml Include="data-server\characters.xml">
      <Filter>Resource Files</Filter>
    </Xml>
    <Xml Include="data-server\map.xml">
      <Filter>Resource Files</Filter>
    </Xml>
  </ItemGroup>
  <ItemGroup>
    <Text Include="..\BugList.txt" />
    <Text Include="..\SharedConfig\Config.ini">
      <Filter>Resource Files</Filter>
    </Text>
  </ItemGroup>
</Project>