<?xml version="1.0" encoding="utf-8"?>
<Project ToolsVersion="4.0" xmlns="http://schemas.microsoft.com/developer/msbuild/2003">
  <ItemGroup>
    <Filter Include="Source Files">
      <UniqueIdentifier>{4FC737F1-C7A5-4376-A066-2A32D752A2FF}</UniqueIdentifier>
      <Extensions>cpp;c;cc;cxx;def;odl;idl;hpj;bat;asm;asmx</Extensions>
    </Filter>
    <Filter Include="Header Files">
      <UniqueIdentifier>{93995380-89BD-4b04-88EB-625FBE52EBFB}</UniqueIdentifier>
      <Extensions>h;hh;hpp;hxx;hm;inl;inc;xsd</Extensions>
    </Filter>
    <Filter Include="Resource Files">
      <UniqueIdentifier>{67DA6AB6-F800-4c08-8B7A-83BB121AAD01}</UniqueIdentifier>
      <Extensions>rc;ico;cur;bmp;dlg;rc2;rct;bin;rgs;gif;jpg;jpeg;jpe;resx;tiff;tif;png;wav;mfcribbon-ms</Extensions>
    </Filter>
    <Filter Include="Header Files\Network">
      <UniqueIdentifier>{42abbc11-b839-42af-8752-a75f68aeacd7}</UniqueIdentifier>
    </Filter>
    <Filter Include="Source Files\Network">
      <UniqueIdentifier>{c5019e3b-b4e1-41e4-a131-dc180bea0ab0}</UniqueIdentifier>
    </Filter>
    <Filter Include="Header Files\Entity Component System">
      <UniqueIdentifier>{6757a7dd-4b7b-4603-8657-c637ee8bb7a5}</UniqueIdentifier>
    </Filter>
    <Filter Include="Source Files\Entity Component System">
      <UniqueIdentifier>{41b4b77d-48fd-4343-ac3f-f683d1b5d37f}</UniqueIdentifier>
    </Filter>
    <Filter Include="Header Files\Core">
      <UniqueIdentifier>{c7c6259e-7b11-4c3b-a560-336396dbec79}</UniqueIdentifier>
    </Filter>
    <Filter Include="Source Files\Core">
      <UniqueIdentifier>{33533d49-8f29-4bcf-b43f-02e3f3182554}</UniqueIdentifier>
    </Filter>
    <Filter Include="Header Files\Network\Event Handlers">
      <UniqueIdentifier>{6ef4bf98-dff4-4066-8ad1-0d6322443c4f}</UniqueIdentifier>
    </Filter>
    <Filter Include="Source Files\Network\Event Handlers">
      <UniqueIdentifier>{ffdfb9c0-917b-4b73-abe7-00699f14f478}</UniqueIdentifier>
    </Filter>
  </ItemGroup>
  <ItemGroup>
    <ClCompile Include="src\main.cpp">
      <Filter>Source Files</Filter>
    </ClCompile>
    <ClCompile Include="src\core\Game.cpp">
      <Filter>Source Files</Filter>
    </ClCompile>
    <ClCompile Include="src\network\NetworkServices.cpp">
      <Filter>Source Files\Network</Filter>
    </ClCompile>
    <ClCompile Include="src\network\ServerNetwork.cpp">
      <Filter>Source Files\Network</Filter>
    </ClCompile>
    <ClCompile Include="src\core\PhysicsComponent.cpp">
      <Filter>Source Files\Entity Component System</Filter>
    </ClCompile>
    <ClCompile Include="src\core\PlayerFactory.cpp">
      <Filter>Source Files\Core</Filter>
    </ClCompile>
    <ClCompile Include="src\network\GameServer.cpp">
      <Filter>Source Files\Network</Filter>
    </ClCompile>
    <ClCompile Include="src\network\PlayerInputEventHandler.cpp">
      <Filter>Source Files\Network\Event Handlers</Filter>
    </ClCompile>
    <ClCompile Include="src\network\ServerEventHandlerLookup.cpp">
      <Filter>Source Files\Network</Filter>
    </ClCompile>
    <ClCompile Include="stdafx.cpp" />
    <ClCompile Include="src\core\BombFactory.cpp">
      <Filter>Source Files\Core</Filter>
    </ClCompile>
    <ClCompile Include="src\core\InputComponent.cpp">
      <Filter>Source Files\Entity Component System</Filter>
    </ClCompile>
    <ClCompile Include="src\core\EntitySystem.cpp">
      <Filter>Source Files\Entity Component System</Filter>
    </ClCompile>
    <ClCompile Include="src\core\InputSystem.cpp">
      <Filter>Source Files\Entity Component System</Filter>
    </ClCompile>
  </ItemGroup>
  <ItemGroup>
    <ClInclude Include="src\network\NetworkServices.h">
      <Filter>Header Files\Network</Filter>
    </ClInclude>
    <ClInclude Include="src\network\ServerNetwork.h">
      <Filter>Header Files\Network</Filter>
    </ClInclude>
    <ClInclude Include="src\core\Game.h">
      <Filter>Header Files</Filter>
    </ClInclude>
    <ClInclude Include="src\core\PhysicsComponent.h">
      <Filter>Header Files\Entity Component System</Filter>
    </ClInclude>
    <ClInclude Include="src\core\PlayerFactory.h">
      <Filter>Header Files\Core</Filter>
    </ClInclude>
    <ClInclude Include="src\network\GameServer.h">
      <Filter>Header Files\Network</Filter>
    </ClInclude>
    <ClInclude Include="src\network\PlayerInputEventHandler.h">
      <Filter>Header Files\Network\Event Handlers</Filter>
    </ClInclude>
    <ClInclude Include="src\network\ServerEventHandlerLookup.h">
      <Filter>Header Files\Network</Filter>
    </ClInclude>
    <ClInclude Include="stdafx.h" />
    <ClInclude Include="src\core\BombFactory.h">
      <Filter>Header Files\Core</Filter>
    </ClInclude>
    <ClInclude Include="src\core\InputComponent.h">
      <Filter>Header Files\Entity Component System</Filter>
    </ClInclude>
    <ClInclude Include="src\core\EntitySystem.h">
      <Filter>Header Files\Entity Component System</Filter>
    </ClInclude>
    <ClInclude Include="src\core\InputSystem.h">
      <Filter>Header Files\Entity Component System</Filter>
    </ClInclude>
  </ItemGroup>
</Project>