<?xml version="1.0" encoding="utf-8"?>
<Project ToolsVersion="4.0" xmlns="http://schemas.microsoft.com/developer/msbuild/2003">
  <ItemGroup>
    <Filter Include="Source Files">
      <UniqueIdentifier>{4FC737F1-C7A5-4376-A066-2A32D752A2FF}</UniqueIdentifier>
      <Extensions>cpp;c;cc;cxx;def;odl;idl;hpj;bat;asm;asmx</Extensions>
    </Filter>
    <Filter Include="Header Files">
      <UniqueIdentifier>{93995380-89BD-4b04-88EB-625FBE52EBFB}</UniqueIdentifier>
      <Extensions>h;hh;hpp;hxx;hm;inl;inc;xsd</Extensions>
    </Filter>
    <Filter Include="Resource Files">
      <UniqueIdentifier>{67DA6AB6-F800-4c08-8B7A-83BB121AAD01}</UniqueIdentifier>
      <Extensions>rc;ico;cur;bmp;dlg;rc2;rct;bin;rgs;gif;jpg;jpeg;jpe;resx;tiff;tif;png;wav;mfcribbon-ms</Extensions>
    </Filter>
    <Filter Include="Header Files\Input">
      <UniqueIdentifier>{46f7542a-1a29-4358-8f99-f7bbaed3fbc6}</UniqueIdentifier>
    </Filter>
    <Filter Include="Source Files\Input">
      <UniqueIdentifier>{5a9ffb28-eb97-4a33-ad9e-34e4b8096702}</UniqueIdentifier>
    </Filter>
    <Filter Include="Header Files\Network">
      <UniqueIdentifier>{cfe2242c-225e-4012-a6b9-24b8fb470287}</UniqueIdentifier>
    </Filter>
    <Filter Include="Source Files\Network">
      <UniqueIdentifier>{6ea51890-7afd-4cfc-a4c2-a51a5ed25813}</UniqueIdentifier>
    </Filter>
    <Filter Include="Header Files\Core">
      <UniqueIdentifier>{a514288e-2015-4033-b8a9-81be6c6ee91d}</UniqueIdentifier>
    </Filter>
    <Filter Include="Header Files\Entity Component System">
      <UniqueIdentifier>{4b7d1707-0d09-4c94-bef4-96ef5fbb5675}</UniqueIdentifier>
    </Filter>
    <Filter Include="Source Files\Entity Component System">
      <UniqueIdentifier>{21015047-422f-4c01-ba3d-42dd0c311a62}</UniqueIdentifier>
    </Filter>
    <Filter Include="Source Files\Core">
      <UniqueIdentifier>{30bea1d4-743e-4674-9a1e-6612af111809}</UniqueIdentifier>
    </Filter>
    <Filter Include="Source Files\Network\Event Handlers">
      <UniqueIdentifier>{a6971f31-69d0-4ec0-90fd-1bf493f9f243}</UniqueIdentifier>
    </Filter>
    <Filter Include="Header Files\Network\Event Handlers">
      <UniqueIdentifier>{aaf101dc-6fa4-4352-a63e-cea771af367d}</UniqueIdentifier>
    </Filter>
  </ItemGroup>
  <ItemGroup>
    <ClCompile Include="src\main.cpp">
      <Filter>Source Files</Filter>
    </ClCompile>
    <ClCompile Include="src\input\KeyboardEventHandler.cpp">
      <Filter>Source Files\Input</Filter>
    </ClCompile>
    <ClCompile Include="src\network\ClientNetwork.cpp">
      <Filter>Source Files\Network</Filter>
    </ClCompile>
    <ClCompile Include="src\network\NetworkServices.cpp">
      <Filter>Source Files\Network</Filter>
    </ClCompile>
    <ClCompile Include="src\network\GameClient.cpp">
      <Filter>Source Files\Network</Filter>
    </ClCompile>
    <ClCompile Include="src\core\SceneNodeComponent.cpp">
      <Filter>Source Files\Entity Component System</Filter>
    </ClCompile>
    <ClCompile Include="src\core\PlayerFactory.cpp">
      <Filter>Source Files\Core</Filter>
    </ClCompile>
    <ClCompile Include="src\core\Game.cpp">
      <Filter>Source Files</Filter>
    </ClCompile>
    <ClCompile Include="src\network\PositionEventHandler.cpp">
      <Filter>Source Files\Network\Event Handlers</Filter>
    </ClCompile>
    <ClCompile Include="src\network\ClientEventHandlerLookup.cpp">
      <Filter>Source Files\Network</Filter>
    </ClCompile>
    <ClCompile Include="stdafx.cpp" />
    <ClCompile Include="src\Scene.cpp">
      <Filter>Source Files</Filter>
    </ClCompile>
    <ClCompile Include="src\core\BombFactory.cpp">
      <Filter>Source Files\Core</Filter>
    </ClCompile>
    <ClCompile Include="src\input\InputEventHandler.cpp">
      <Filter>Source Files\Input</Filter>
    </ClCompile>
    <ClCompile Include="src\input\InputManager.cpp">
      <Filter>Source Files\Input</Filter>
    </ClCompile>
    <ClCompile Include="src\input\MouseEventHandler.cpp">
      <Filter>Source Files\Input</Filter>
    </ClCompile>
    <ClCompile Include="src\network\SpawnEventHandler.cpp">
      <Filter>Source Files\Network\Event Handlers</Filter>
    </ClCompile>
    <ClCompile Include="src\network\RotationEventHandler.cpp">
      <Filter>Source Files\Network\Event Handlers</Filter>
    </ClCompile>
    <ClCompile Include="src\network\DisconnectEventHandler.cpp">
      <Filter>Source Files\Network\Event Handlers</Filter>
    </ClCompile>
    <ClCompile Include="src\network\ExplosionEventHandler.cpp">
      <Filter>Source Files\Network\Event Handlers</Filter>
    </ClCompile>
  </ItemGroup>
  <ItemGroup>
    <ClInclude Include="src\Global.h">
      <Filter>Header Files</Filter>
    </ClInclude>
    <ClInclude Include="src\input\KeyboardEventHandler.h">
      <Filter>Header Files\Input</Filter>
    </ClInclude>
    <ClInclude Include="src\network\ClientNetwork.h">
      <Filter>Header Files\Network</Filter>
    </ClInclude>
    <ClInclude Include="src\network\NetworkServices.h">
      <Filter>Header Files\Network</Filter>
    </ClInclude>
    <ClInclude Include="src\network\GameClient.h">
      <Filter>Header Files\Network</Filter>
    </ClInclude>
    <ClInclude Include="src\core\SceneNodeComponent.h">
      <Filter>Header Files\Entity Component System</Filter>
    </ClInclude>
    <ClInclude Include="src\core\PlayerFactory.h">
      <Filter>Header Files\Core</Filter>
    </ClInclude>
    <ClInclude Include="src\core\Game.h">
      <Filter>Header Files</Filter>
    </ClInclude>
    <ClInclude Include="src\network\PositionEventHandler.h">
      <Filter>Header Files\Network\Event Handlers</Filter>
    </ClInclude>
    <ClInclude Include="src\network\ClientEventHandlerLookup.h">
      <Filter>Header Files\Network</Filter>
    </ClInclude>
    <ClInclude Include="stdafx.h" />
    <ClInclude Include="src\Scene.h">
      <Filter>Header Files</Filter>
    </ClInclude>
    <ClInclude Include="src\core\BombFactory.h">
      <Filter>Header Files\Core</Filter>
    </ClInclude>
    <ClInclude Include="src\input\InputEventHandler.h">
      <Filter>Header Files\Input</Filter>
    </ClInclude>
    <ClInclude Include="src\input\InputManager.h">
      <Filter>Header Files\Input</Filter>
    </ClInclude>
    <ClInclude Include="src\input\MouseEventHandler.h">
      <Filter>Header Files\Input</Filter>
    </ClInclude>
    <ClInclude Include="src\network\SpawnEventHandler.h">
      <Filter>Header Files\Network\Event Handlers</Filter>
    </ClInclude>
    <ClInclude Include="src\network\RotationEventHandler.h">
      <Filter>Header Files\Network\Event Handlers</Filter>
    </ClInclude>
    <ClInclude Include="src\network\DisconnectEventHandler.h">
      <Filter>Header Files\Network\Event Handlers</Filter>
    </ClInclude>
    <ClInclude Include="src\network\ExplosionEventHandler.h">
      <Filter>Header Files\Network\Event Handlers</Filter>
    </ClInclude>
  </ItemGroup>
  <ItemGroup>
    <None Include="Config.ini">
      <Filter>Resource Files</Filter>
    </None>
  </ItemGroup>
</Project>